
Microsoft Visual Studio Solution File, Format Version 12.00
# Visual Studio Version 17
VisualStudioVersion = 17.11.35303.130
MinimumVisualStudioVersion = 10.0.40219.1
Project("{FAE04EC0-301F-11D3-BF4B-00C04F79EFBC}") = "VuQuangHuy_KiemtraFE", "VuQuangHuy_KiemtraFE\VuQuangHuy_KiemtraFE.csproj", "{114815E1-63F3-4024-AE03-6C2C2492722B}"
EndProject
Global
	GlobalSection(SolutionConfigurationPlatforms) = preSolution
		Debug|Any CPU = Debug|Any CPU
		Release|Any CPU = Release|Any CPU
	EndGlobalSection
	GlobalSection(ProjectConfigurationPlatforms) = postSolution
		{114815E1-63F3-4024-AE03-6C2C2492722B}.Debug|Any CPU.ActiveCfg = Debug|Any CPU
		{114815E1-63F3-4024-AE03-6C2C2492722B}.Debug|Any CPU.Build.0 = Debug|Any CPU
		{114815E1-63F3-4024-AE03-6C2C2492722B}.Release|Any CPU.ActiveCfg = Release|Any CPU
		{114815E1-63F3-4024-AE03-6C2C2492722B}.Release|Any CPU.Build.0 = Release|Any CPU
	EndGlobalSection
	GlobalSection(SolutionProperties) = preSolution
		HideSolutionNode = FALSE
	EndGlobalSection
	GlobalSection(ExtensibilityGlobals) = postSolution
		SolutionGuid = {C270FC71-8459-4D0C-AA7C-3548EAA89DA7}
	EndGlobalSection
EndGlobal
